{
    "version": 3,
    "terraform_version": "0.10.6",
    "serial": 7,
    "lineage": "d3fdb444-e561-4292-b531-539389334c1e",
    "modules": [
        {
            "path": [
                "root"
            ],
            "outputs": {},
            "resources": {
                "aws_cloudwatch_event_rule.every_five_minutes": {
                    "type": "aws_cloudwatch_event_rule",
                    "depends_on": [],
                    "primary": {
                        "id": "every-five-minutes",
                        "attributes": {
                            "arn": "arn:aws:events:eu-west-1:574185905661:rule/every-five-minutes",
                            "description": "Fires every five minutes",
                            "id": "every-five-minutes",
                            "is_enabled": "true",
                            "name": "every-five-minutes",
                            "role_arn": "",
                            "schedule_expression": "rate(5 minutes)"
                        },
                        "meta": {},
                        "tainted": false
                    },
                    "deposed": [],
                    "provider": ""
                },
                "aws_cloudwatch_event_target.ebs_snapshot_every_five_minutes": {
                    "type": "aws_cloudwatch_event_target",
                    "depends_on": [
                        "aws_cloudwatch_event_rule.every_five_minutes",
                        "aws_lambda_function.ebs_snapshot_lambda"
                    ],
                    "primary": {
                        "id": "every-five-minutes-ebs_snapshot",
                        "attributes": {
                            "arn": "arn:aws:lambda:eu-west-1:574185905661:function:ebs_snapshot_scheduler",
                            "id": "every-five-minutes-ebs_snapshot",
                            "input": "",
                            "input_path": "",
                            "role_arn": "",
                            "rule": "every-five-minutes",
                            "target_id": "ebs_snapshot"
                        },
                        "meta": {},
                        "tainted": false
                    },
                    "deposed": [],
                    "provider": ""
                },
                "aws_cloudwatch_event_target.rds_snapshot_every_five_minutes": {
                    "type": "aws_cloudwatch_event_target",
                    "depends_on": [
                        "aws_cloudwatch_event_rule.every_five_minutes",
                        "aws_lambda_function.rds_snapshot_lambda"
                    ],
                    "primary": {
                        "id": "every-five-minutes-rds_snapshot",
                        "attributes": {
                            "arn": "arn:aws:lambda:eu-west-1:574185905661:function:rds_snapshot_scheduler",
                            "id": "every-five-minutes-rds_snapshot",
                            "input": "",
                            "input_path": "",
                            "role_arn": "",
                            "rule": "every-five-minutes",
                            "target_id": "rds_snapshot"
                        },
                        "meta": {},
                        "tainted": false
                    },
                    "deposed": [],
                    "provider": ""
                },
                "aws_dynamodb_table.snap-ebs-dynamodb-table": {
                    "type": "aws_dynamodb_table",
                    "depends_on": [],
                    "primary": {
                        "id": "Scheduler-EBS-Snapshot-History",
                        "attributes": {
                            "arn": "arn:aws:dynamodb:eu-west-1:574185905661:table/Scheduler-EBS-Snapshot-History",
                            "attribute.#": "1",
                            "attribute.460715570.name": "snapshot_id",
                            "attribute.460715570.type": "S",
                            "global_secondary_index.#": "0",
                            "hash_key": "snapshot_id",
                            "id": "Scheduler-EBS-Snapshot-History",
                            "local_secondary_index.#": "0",
                            "name": "Scheduler-EBS-Snapshot-History",
                            "read_capacity": "1",
                            "tags.%": "2",
                            "tags.Environment": "production",
                            "tags.Name": "Scheduler-EBS-Snapshot-History",
                            "write_capacity": "1"
                        },
                        "meta": {
                            "schema_version": "1"
                        },
                        "tainted": false
                    },
                    "deposed": [],
                    "provider": ""
                },
                "aws_dynamodb_table.snap-rds-dynamodb-table": {
                    "type": "aws_dynamodb_table",
                    "depends_on": [],
                    "primary": {
                        "id": "Scheduler-RDS-Snapshot-History",
                        "attributes": {
                            "arn": "arn:aws:dynamodb:eu-west-1:574185905661:table/Scheduler-RDS-Snapshot-History",
                            "attribute.#": "1",
                            "attribute.460715570.name": "snapshot_id",
                            "attribute.460715570.type": "S",
                            "global_secondary_index.#": "0",
                            "hash_key": "snapshot_id",
                            "id": "Scheduler-RDS-Snapshot-History",
                            "local_secondary_index.#": "0",
                            "name": "Scheduler-RDS-Snapshot-History",
                            "read_capacity": "1",
                            "tags.%": "2",
                            "tags.Environment": "production",
                            "tags.Name": "Scheduler-RDS-Snapshot-History",
                            "write_capacity": "1"
                        },
                        "meta": {
                            "schema_version": "1"
                        },
                        "tainted": false
                    },
                    "deposed": [],
                    "provider": ""
                },
                "aws_iam_role.iam_for_lambda": {
                    "type": "aws_iam_role",
                    "depends_on": [],
                    "primary": {
                        "id": "lambda_ebs_snapshot",
                        "attributes": {
                            "arn": "arn:aws:iam::574185905661:role/lambda_ebs_snapshot",
                            "assume_role_policy": "{\"Version\":\"2012-10-17\",\"Statement\":[{\"Sid\":\"\",\"Effect\":\"Allow\",\"Principal\":{\"Service\":\"lambda.amazonaws.com\"},\"Action\":\"sts:AssumeRole\"}]}",
                            "create_date": "2017-09-18T13:24:16Z",
                            "force_detach_policies": "false",
                            "id": "lambda_ebs_snapshot",
                            "name": "lambda_ebs_snapshot",
                            "path": "/",
                            "unique_id": "AROAICTH6SAHHEQB3236K"
                        },
                        "meta": {},
                        "tainted": false
                    },
                    "deposed": [],
                    "provider": ""
                },
                "aws_iam_role.iam_for_lambda_rds": {
                    "type": "aws_iam_role",
                    "depends_on": [],
                    "primary": {
                        "id": "lambda_rds_snapshot",
                        "attributes": {
                            "arn": "arn:aws:iam::574185905661:role/lambda_rds_snapshot",
                            "assume_role_policy": "{\"Version\":\"2012-10-17\",\"Statement\":[{\"Sid\":\"\",\"Effect\":\"Allow\",\"Principal\":{\"Service\":\"lambda.amazonaws.com\"},\"Action\":\"sts:AssumeRole\"}]}",
                            "create_date": "2017-09-18T13:24:16Z",
                            "force_detach_policies": "false",
                            "id": "lambda_rds_snapshot",
                            "name": "lambda_rds_snapshot",
                            "path": "/",
                            "unique_id": "AROAIKK4X6CEDLA626CJG"
                        },
                        "meta": {},
                        "tainted": false
                    },
                    "deposed": [],
                    "provider": ""
                },
                "aws_iam_role_policy.policy": {
                    "type": "aws_iam_role_policy",
                    "depends_on": [
                        "aws_dynamodb_table.snap-ebs-dynamodb-table",
                        "aws_iam_role.iam_for_lambda",
                        "data.aws_caller_identity.current"
                    ],
                    "primary": {
                        "id": "lambda_ebs_snapshot:policy-ebs-scheduler",
                        "attributes": {
                            "id": "lambda_ebs_snapshot:policy-ebs-scheduler",
                            "name": "policy-ebs-scheduler",
                            "policy": "{\n\t\"Version\": \"2012-10-17\",\n\t\"Statement\": [{\n\t\t\t\"Effect\": \"Allow\",\n\t\t\t\"Action\": [\n\t\t\t\t\"logs:CreateLogGroup\",\n\t\t\t\t\"logs:CreateLogStream\",\n\t\t\t\t\"logs:PutLogEvents\"\n\t\t\t],\n\t\t\t\"Resource\": \"arn:aws:logs:*:*:log-group:/aws/lambda/*\"\n\t\t},\n\t\t{\n\t\t\t\"Effect\": \"Allow\",\n\t\t\t\"Action\": [\n\t\t\t\t\"dynamodb:GetItem\",\n\t\t\t\t\"dynamodb:PutItem\",\n\t\t\t\t\"dynamodb:DeleteItem\",\n\t\t\t\t\"dynamodb:Scan\"\n\t\t\t],\n\t\t\t\"Resource\": \"arn:aws:dynamodb:eu-west-1:574185905661:table/Scheduler-EBS-Snapshot-History\"\n\t\t},\n\t\t{\n\t\t\t\"Effect\": \"Allow\",\n\t\t\t\"Action\": [\n\t\t\t\t\"ec2:CreateSnapshot\",\n\t\t\t\t\"ec2:CreateTags\",\n\t\t\t\t\"ec2:DeleteSnapshot\",\n\t\t\t\t\"ec2:DescribeSnapshots\",\n\t\t\t\t\"ec2:DescribeTags\",\n\t\t\t\t\"ec2:DescribeRegions\",\n\t\t\t\t\"ec2:DescribeVolumes\",\n\t\t\t\t\"ec2:DescribeInstances\"\n\t\t\t],\n\t\t\t\"Resource\": \"*\"\n\t\t}\n\t]\n}\n",
                            "role": "lambda_ebs_snapshot"
                        },
                        "meta": {},
                        "tainted": false
                    },
                    "deposed": [],
                    "provider": ""
                },
                "aws_iam_role_policy.policy_rds": {
                    "type": "aws_iam_role_policy",
                    "depends_on": [
                        "aws_dynamodb_table.snap-rds-dynamodb-table",
                        "aws_iam_role.iam_for_lambda_rds",
                        "data.aws_caller_identity.current"
                    ],
                    "primary": {
                        "id": "lambda_rds_snapshot:policy-rds-scheduler",
                        "attributes": {
                            "id": "lambda_rds_snapshot:policy-rds-scheduler",
                            "name": "policy-rds-scheduler",
                            "policy": "{\n\t\"Version\": \"2012-10-17\",\n\t\"Statement\": [{\n\t\t\t\"Effect\": \"Allow\",\n\t\t\t\"Action\": [\n\t\t\t\t\"logs:CreateLogGroup\",\n\t\t\t\t\"logs:CreateLogStream\",\n\t\t\t\t\"logs:PutLogEvents\"\n\t\t\t],\n\t\t\t\"Resource\": \"arn:aws:logs:*:*:log-group:/aws/lambda/*\"\n\t\t},\n\t\t{\n\t\t\t\"Effect\": \"Allow\",\n\t\t\t\"Action\": [\n\t\t\t\t\"dynamodb:GetItem\",\n\t\t\t\t\"dynamodb:PutItem\",\n\t\t\t\t\"dynamodb:DeleteItem\",\n\t\t\t\t\"dynamodb:Scan\"\n\t\t\t],\n\t\t\t\"Resource\": \"arn:aws:dynamodb:eu-west-1:574185905661:table/Scheduler-RDS-Snapshot-History\"\n\t\t},\n\t\t{\n\t\t\t\"Effect\": \"Allow\",\n\t\t\t\"Action\": [\n\t\t\t\t\"rds:CreateDBSnapshot\",\n\t\t\t\t\"rds:CreateDBClusterSnapshot\",\n\t\t\t\t\"rds:DeleteDBSnapshot\",\n\t\t\t\t\"rds:DeleteDBClusterSnapshot\",\n\t\t\t\t\"rds:DescribeDBSnapshots\",\n\t\t\t\t\"rds:DescribeDBClusterSnapshots\",\n\t\t\t\t\"rds:ListTagsForResource\",\n\t\t\t\t\"ec2:DescribeRegions\",\n\t\t\t\t\"rds:DescribeDBInstances\"\n\t\t\t],\n\t\t\t\"Resource\": \"*\"\n\t\t}\n\t]\n}\n",
                            "role": "lambda_rds_snapshot"
                        },
                        "meta": {},
                        "tainted": false
                    },
                    "deposed": [],
                    "provider": ""
                },
                "aws_lambda_function.ebs_snapshot_lambda": {
                    "type": "aws_lambda_function",
                    "depends_on": [
                        "aws_dynamodb_table.snap-ebs-dynamodb-table",
                        "aws_iam_role.iam_for_lambda",
                        "data.archive_file.init"
                    ],
                    "primary": {
                        "id": "ebs_snapshot_scheduler",
                        "attributes": {
                            "arn": "arn:aws:lambda:eu-west-1:574185905661:function:ebs_snapshot_scheduler",
                            "dead_letter_config.#": "0",
                            "description": "",
                            "environment.#": "1",
                            "environment.0.variables.%": "7",
                            "environment.0.variables.auto_snapshot_deletion": "yes",
                            "environment.0.variables.custom_tag_name": "scheduler:ebs-snapshot",
                            "environment.0.variables.default_days_active": "all",
                            "environment.0.variables.default_retention_days": "30",
                            "environment.0.variables.default_snapshot_time": "0330",
                            "environment.0.variables.default_time_zone": "Europe/Paris",
                            "environment.0.variables.history_table_name": "Scheduler-EBS-Snapshot-History",
                            "filename": "/Users/men/Documents/D2SI/Engie/Divers/tests-terraform-dmpa/snapshots/lambda_ec2_snapshot.zip",
                            "function_name": "ebs_snapshot_scheduler",
                            "handler": "ebs-snapshot-scheduler.lambda_handler",
                            "id": "ebs_snapshot_scheduler",
                            "invoke_arn": "arn:aws:apigateway:eu-west-1:lambda:path/2015-03-31/functions/arn:aws:lambda:eu-west-1:574185905661:function:ebs_snapshot_scheduler/invocations",
                            "kms_key_arn": "",
                            "last_modified": "2017-09-18T13:24:27.929+0000",
                            "memory_size": "128",
                            "publish": "false",
                            "qualified_arn": "arn:aws:lambda:eu-west-1:574185905661:function:ebs_snapshot_scheduler:$LATEST",
                            "role": "arn:aws:iam::574185905661:role/lambda_ebs_snapshot",
                            "runtime": "python3.6",
                            "source_code_hash": "Ehh5N0ODcnfSInLeor1Er4++7OYFmRqBCd7OwjcXM3I=",
                            "tags.%": "0",
                            "timeout": "300",
                            "tracing_config.#": "1",
                            "tracing_config.0.mode": "PassThrough",
                            "version": "$LATEST",
                            "vpc_config.#": "0"
                        },
                        "meta": {},
                        "tainted": false
                    },
                    "deposed": [],
                    "provider": ""
                },
                "aws_lambda_function.rds_snapshot_lambda": {
                    "type": "aws_lambda_function",
                    "depends_on": [
                        "aws_dynamodb_table.snap-rds-dynamodb-table",
                        "aws_iam_role.iam_for_lambda_rds",
                        "data.archive_file.init_rds"
                    ],
                    "primary": {
                        "id": "rds_snapshot_scheduler",
                        "attributes": {
                            "arn": "arn:aws:lambda:eu-west-1:574185905661:function:rds_snapshot_scheduler",
                            "dead_letter_config.#": "0",
                            "description": "",
                            "environment.#": "1",
                            "environment.0.variables.%": "7",
                            "environment.0.variables.auto_snapshot_deletion": "yes",
                            "environment.0.variables.custom_tag_name": "scheduler:rds-snapshot",
                            "environment.0.variables.default_days_active": "all",
                            "environment.0.variables.default_retention_days": "30",
                            "environment.0.variables.default_snapshot_time": "0330",
                            "environment.0.variables.default_time_zone": "Europe/Paris",
                            "environment.0.variables.history_table_name": "Scheduler-RDS-Snapshot-History",
                            "filename": "/Users/men/Documents/D2SI/Engie/Divers/tests-terraform-dmpa/snapshots/lambda_rds_snapshot.zip",
                            "function_name": "rds_snapshot_scheduler",
                            "handler": "rds-snapshot-scheduler.lambda_handler",
                            "id": "rds_snapshot_scheduler",
                            "invoke_arn": "arn:aws:apigateway:eu-west-1:lambda:path/2015-03-31/functions/arn:aws:lambda:eu-west-1:574185905661:function:rds_snapshot_scheduler/invocations",
                            "kms_key_arn": "",
                            "last_modified": "2017-09-25T12:50:35.761+0000",
                            "memory_size": "128",
                            "publish": "false",
                            "qualified_arn": "arn:aws:lambda:eu-west-1:574185905661:function:rds_snapshot_scheduler:$LATEST",
                            "role": "arn:aws:iam::574185905661:role/lambda_rds_snapshot",
                            "runtime": "python3.6",
                            "source_code_hash": "7liHW+GHcUMpbuS/YDReJab8VDH6Vzw4+sQkyH8/XRA=",
                            "tags.%": "0",
                            "timeout": "300",
                            "tracing_config.#": "1",
                            "tracing_config.0.mode": "PassThrough",
                            "version": "$LATEST",
                            "vpc_config.#": "0"
                        },
                        "meta": {},
                        "tainted": false
                    },
                    "deposed": [],
                    "provider": ""
                },
                "aws_lambda_permission.allow_cloudwatch_to_call_check_ebs_snapshot": {
                    "type": "aws_lambda_permission",
                    "depends_on": [
                        "aws_cloudwatch_event_rule.every_five_minutes",
                        "aws_lambda_function.ebs_snapshot_lambda"
                    ],
                    "primary": {
                        "id": "AllowExecutionFromCloudWatch",
                        "attributes": {
                            "action": "lambda:InvokeFunction",
                            "function_name": "ebs_snapshot_scheduler",
                            "id": "AllowExecutionFromCloudWatch",
                            "principal": "events.amazonaws.com",
                            "qualifier": "",
                            "source_arn": "arn:aws:events:eu-west-1:574185905661:rule/every-five-minutes",
                            "statement_id": "AllowExecutionFromCloudWatch"
                        },
                        "meta": {},
                        "tainted": false
                    },
                    "deposed": [],
                    "provider": ""
                },
                "aws_lambda_permission.allow_cloudwatch_to_call_check_rds_snapshot": {
                    "type": "aws_lambda_permission",
                    "depends_on": [
                        "aws_cloudwatch_event_rule.every_five_minutes",
                        "aws_lambda_function.rds_snapshot_lambda"
                    ],
                    "primary": {
                        "id": "AllowExecutionFromCloudWatch",
                        "attributes": {
                            "action": "lambda:InvokeFunction",
                            "function_name": "rds_snapshot_scheduler",
                            "id": "AllowExecutionFromCloudWatch",
                            "principal": "events.amazonaws.com",
                            "qualifier": "",
                            "source_arn": "arn:aws:events:eu-west-1:574185905661:rule/every-five-minutes",
                            "statement_id": "AllowExecutionFromCloudWatch"
                        },
                        "meta": {},
                        "tainted": false
                    },
                    "deposed": [],
                    "provider": ""
                },
                "data.archive_file.init": {
                    "type": "archive_file",
                    "depends_on": [],
                    "primary": {
                        "id": "50688ea35e4b864237f380c9c3d9e73f5206448a",
                        "attributes": {
                            "id": "50688ea35e4b864237f380c9c3d9e73f5206448a",
                            "output_base64sha256": "Ehh5N0ODcnfSInLeor1Er4++7OYFmRqBCd7OwjcXM3I=",
                            "output_md5": "f6b9160481679662f81711e67aae5651",
                            "output_path": "/Users/men/Documents/D2SI/Engie/Divers/tests-terraform-dmpa/snapshots/lambda_ec2_snapshot.zip",
                            "output_sha": "50688ea35e4b864237f380c9c3d9e73f5206448a",
                            "output_size": "488141",
                            "source.#": "0",
                            "source_dir": "/Users/men/Documents/D2SI/Engie/Divers/tests-terraform-dmpa/snapshots/code_ec2/",
                            "type": "zip"
                        },
                        "meta": {},
                        "tainted": false
                    },
                    "deposed": [],
                    "provider": ""
                },
                "data.archive_file.init_rds": {
                    "type": "archive_file",
                    "depends_on": [],
                    "primary": {
                        "id": "0b83b6e844d342002fac50a1fb7568ff957b73c2",
                        "attributes": {
                            "id": "0b83b6e844d342002fac50a1fb7568ff957b73c2",
                            "output_base64sha256": "7liHW+GHcUMpbuS/YDReJab8VDH6Vzw4+sQkyH8/XRA=",
                            "output_md5": "165713bd8658b56101dbfb65d08e1417",
                            "output_path": "/Users/men/Documents/D2SI/Engie/Divers/tests-terraform-dmpa/snapshots/lambda_rds_snapshot.zip",
                            "output_sha": "0b83b6e844d342002fac50a1fb7568ff957b73c2",
                            "output_size": "488418",
                            "source.#": "0",
                            "source_dir": "/Users/men/Documents/D2SI/Engie/Divers/tests-terraform-dmpa/snapshots/code_rds/",
                            "type": "zip"
                        },
                        "meta": {},
                        "tainted": false
                    },
                    "deposed": [],
                    "provider": ""
                },
                "data.aws_caller_identity.current": {
                    "type": "aws_caller_identity",
                    "depends_on": [],
                    "primary": {
                        "id": "2017-09-25 12:50:24.797401839 +0000 UTC",
                        "attributes": {
                            "account_id": "574185905661",
                            "arn": "arn:aws:iam::574185905661:user/TF5517",
                            "id": "2017-09-25 12:50:24.797401839 +0000 UTC",
                            "user_id": "AIDAJVGSYU6X6XJDFSAGA"
                        },
                        "meta": {},
                        "tainted": false
                    },
                    "deposed": [],
                    "provider": ""
                }
            },
            "depends_on": []
        }
    ]
}
